
Microsoft Visual Studio Solution File, Format Version 12.00
# Visual Studio Version 17
VisualStudioVersion = 17.9.34723.18
MinimumVisualStudioVersion = 10.0.40219.1
Project("{FAE04EC0-301F-11D3-BF4B-00C04F79EFBC}") = "Pacman", "Pacman\Pacman.csproj", "{4603D961-C372-4BE1-891C-5901DA2DB16B}"
EndProject
Global
	GlobalSection(SolutionConfigurationPlatforms) = preSolution
		Debug|Any CPU = Debug|Any CPU
		Release|Any CPU = Release|Any CPU
	EndGlobalSection
	GlobalSection(ProjectConfigurationPlatforms) = postSolution
		{4603D961-C372-4BE1-891C-5901DA2DB16B}.Debug|Any CPU.ActiveCfg = Debug|Any CPU
		{4603D961-C372-4BE1-891C-5901DA2DB16B}.Debug|Any CPU.Build.0 = Debug|Any CPU
		{4603D961-C372-4BE1-891C-5901DA2DB16B}.Release|Any CPU.ActiveCfg = Release|Any CPU
		{4603D961-C372-4BE1-891C-5901DA2DB16B}.Release|Any CPU.Build.0 = Release|Any CPU
	EndGlobalSection
	GlobalSection(SolutionProperties) = preSolution
		HideSolutionNode = FALSE
	EndGlobalSection
	GlobalSection(ExtensibilityGlobals) = postSolution
		SolutionGuid = {A92EBC21-7ED7-4945-85E2-49DDFF9D6180}
	EndGlobalSection
EndGlobal
